{
  "name": "st-three-dimensional-card-carousel",
  "version": "0.0.40",
  "lockfileVersion": 1,
  "requires": true,
  "dependencies": {
    "@stencil/core": {
      "version": "1.7.1",
      "resolved": "https://registry.npmjs.org/@stencil/core/-/core-1.7.1.tgz",
      "integrity": "sha512-w7hwj+Ovdr0YTc7MD1e9GWz7qm/NoE1E/ye1lrg8xoB2rsvOsCtyDx9vy24UUgZqyvMyc02jDp9aV+n0mnLShw==",
      "dev": true,
      "requires": {
        "typescript": "3.6.3"
      }
    },
    "@types/hammerjs": {
      "version": "2.0.36",
      "resolved": "https://registry.npmjs.org/@types/hammerjs/-/hammerjs-2.0.36.tgz",
      "integrity": "sha512-7TUK/k2/QGpEAv/BCwSHlYu3NXZhQ9ZwBYpzr9tjlPIL2C5BeGhH3DmVavRx3ZNyELX5TLC91JTz/cen6AAtIQ==",
      "dev": true
    },
    "font-awesome": {
      "version": "4.7.0",
      "resolved": "https://registry.npmjs.org/font-awesome/-/font-awesome-4.7.0.tgz",
      "integrity": "sha1-j6jPBBGhoxr9B7BtKQK7n8gVoTM="
    },
    "hammerjs": {
      "version": "2.0.8",
      "resolved": "https://registry.npmjs.org/hammerjs/-/hammerjs-2.0.8.tgz",
      "integrity": "sha1-BO93hiz/K7edMPdpIJWTAiK/YPE="
    },
    "typescript": {
      "version": "3.6.3",
      "resolved": "https://registry.npmjs.org/typescript/-/typescript-3.6.3.tgz",
      "integrity": "sha512-N7bceJL1CtRQ2RiG0AQME13ksR7DiuQh/QehubYcghzv20tnh+MQnQIuJddTmsbqYj+dztchykemz0zFzlvdQw==",
      "dev": true
    }
  }
}
